
Microsoft Visual Studio Solution File, Format Version 12.00
# Visual Studio Version 17
VisualStudioVersion = 17.3.32901.215
MinimumVisualStudioVersion = 10.0.40219.1
Project("{FAE04EC0-301F-11D3-BF4B-00C04F79EFBC}") = "VietLacSo2022", "VietLacSo2022\VietLacSo2022.csproj", "{46F50636-061A-403D-A5F6-9E5246CBB51A}"
EndProject
Project("{FAE04EC0-301F-11D3-BF4B-00C04F79EFBC}") = "LauncherAPI", "LauncherAPI\LauncherAPI.csproj", "{8962EDC5-F590-4F09-A51B-92F8EB1F3D9B}"
EndProject
Project("{FAE04EC0-301F-11D3-BF4B-00C04F79EFBC}") = "TestLauncherAPI", "TestLauncherAPI\TestLauncherAPI.csproj", "{C46952A8-2280-421B-9E35-F8EC3485A806}"
EndProject
Project("{9A19103F-16F7-4668-BE54-9A1E7A4F7556}") = "WordPressPCL", "..\WordPressPCL\WordPressPCL\WordPressPCL.csproj", "{554E423A-0D3C-4959-9166-C0F2DD6D990D}"
EndProject
Project("{FAE04EC0-301F-11D3-BF4B-00C04F79EFBC}") = "TestLauncherAPIWinForms", "TestLauncherAPIWinForms\TestLauncherAPIWinForms.csproj", "{470F29B2-B4E7-4467-AA9B-3B71C9A3B5F2}"
EndProject
Global
	GlobalSection(SolutionConfigurationPlatforms) = preSolution
		Debug|Any CPU = Debug|Any CPU
		Release|Any CPU = Release|Any CPU
	EndGlobalSection
	GlobalSection(ProjectConfigurationPlatforms) = postSolution
		{46F50636-061A-403D-A5F6-9E5246CBB51A}.Debug|Any CPU.ActiveCfg = Debug|Any CPU
		{46F50636-061A-403D-A5F6-9E5246CBB51A}.Debug|Any CPU.Build.0 = Debug|Any CPU
		{46F50636-061A-403D-A5F6-9E5246CBB51A}.Release|Any CPU.ActiveCfg = Release|Any CPU
		{46F50636-061A-403D-A5F6-9E5246CBB51A}.Release|Any CPU.Build.0 = Release|Any CPU
		{8962EDC5-F590-4F09-A51B-92F8EB1F3D9B}.Debug|Any CPU.ActiveCfg = Debug|Any CPU
		{8962EDC5-F590-4F09-A51B-92F8EB1F3D9B}.Debug|Any CPU.Build.0 = Debug|Any CPU
		{8962EDC5-F590-4F09-A51B-92F8EB1F3D9B}.Release|Any CPU.ActiveCfg = Release|Any CPU
		{8962EDC5-F590-4F09-A51B-92F8EB1F3D9B}.Release|Any CPU.Build.0 = Release|Any CPU
		{C46952A8-2280-421B-9E35-F8EC3485A806}.Debug|Any CPU.ActiveCfg = Debug|Any CPU
		{C46952A8-2280-421B-9E35-F8EC3485A806}.Debug|Any CPU.Build.0 = Debug|Any CPU
		{C46952A8-2280-421B-9E35-F8EC3485A806}.Release|Any CPU.ActiveCfg = Release|Any CPU
		{C46952A8-2280-421B-9E35-F8EC3485A806}.Release|Any CPU.Build.0 = Release|Any CPU
		{554E423A-0D3C-4959-9166-C0F2DD6D990D}.Debug|Any CPU.ActiveCfg = Debug|Any CPU
		{554E423A-0D3C-4959-9166-C0F2DD6D990D}.Debug|Any CPU.Build.0 = Debug|Any CPU
		{554E423A-0D3C-4959-9166-C0F2DD6D990D}.Release|Any CPU.ActiveCfg = Release|Any CPU
		{554E423A-0D3C-4959-9166-C0F2DD6D990D}.Release|Any CPU.Build.0 = Release|Any CPU
		{470F29B2-B4E7-4467-AA9B-3B71C9A3B5F2}.Debug|Any CPU.ActiveCfg = Debug|Any CPU
		{470F29B2-B4E7-4467-AA9B-3B71C9A3B5F2}.Debug|Any CPU.Build.0 = Debug|Any CPU
		{470F29B2-B4E7-4467-AA9B-3B71C9A3B5F2}.Release|Any CPU.ActiveCfg = Release|Any CPU
		{470F29B2-B4E7-4467-AA9B-3B71C9A3B5F2}.Release|Any CPU.Build.0 = Release|Any CPU
	EndGlobalSection
	GlobalSection(SolutionProperties) = preSolution
		HideSolutionNode = FALSE
	EndGlobalSection
	GlobalSection(ExtensibilityGlobals) = postSolution
		SolutionGuid = {D5CFAA3A-9B38-4263-B662-1BD811A25F01}
	EndGlobalSection
EndGlobal
